// !$*UTF8*$!
{
	archiveVersion = 1;
	classes = {
	};
	objectVersion = 50;
	objects = {

/* Begin PBXBuildFile section */
		C2E37BCD2299AF9300750FA8 /* AppDelegate.swift in Sources */ = {isa = PBXBuildFile; fileRef = C2E37BCC2299AF9300750FA8 /* AppDelegate.swift */; };
		C2E37BCF2299AF9300750FA8 /* ViewController.swift in Sources */ = {isa = PBXBuildFile; fileRef = C2E37BCE2299AF9300750FA8 /* ViewController.swift */; };
		C2E37BD22299AF9300750FA8 /* Main.storyboard in Resources */ = {isa = PBXBuildFile; fileRef = C2E37BD02299AF9300750FA8 /* Main.storyboard */; };
		C2E37BD52299AF9300750FA8 /* projetoDouglas.xcdatamodeld in Sources */ = {isa = PBXBuildFile; fileRef = C2E37BD32299AF9300750FA8 /* projetoDouglas.xcdatamodeld */; };
		C2E37BD72299AF9800750FA8 /* Assets.xcassets in Resources */ = {isa = PBXBuildFile; fileRef = C2E37BD62299AF9800750FA8 /* Assets.xcassets */; };
		C2E37BDA2299AF9800750FA8 /* LaunchScreen.storyboard in Resources */ = {isa = PBXBuildFile; fileRef = C2E37BD82299AF9800750FA8 /* LaunchScreen.storyboard */; };
		C2E37BE22299BD1000750FA8 /* MapViewController.swift in Sources */ = {isa = PBXBuildFile; fileRef = C2E37BE12299BD1000750FA8 /* MapViewController.swift */; };
/* End PBXBuildFile section */

/* Begin PBXFileReference section */
		C2E37BC92299AF9300750FA8 /* projetoDouglas.app */ = {isa = PBXFileReference; explicitFileType = wrapper.application; includeInIndex = 0; path = projetoDouglas.app; sourceTree = BUILT_PRODUCTS_DIR; };
		C2E37BCC2299AF9300750FA8 /* AppDelegate.swift */ = {isa = PBXFileReference; lastKnownFileType = sourcecode.swift; path = AppDelegate.swift; sourceTree = "<group>"; };
		C2E37BCE2299AF9300750FA8 /* ViewController.swift */ = {isa = PBXFileReference; lastKnownFileType = sourcecode.swift; path = ViewController.swift; sourceTree = "<group>"; };
		C2E37BD12299AF9300750FA8 /* Base */ = {isa = PBXFileReference; lastKnownFileType = file.storyboard; name = Base; path = Base.lproj/Main.storyboard; sourceTree = "<group>"; };
		C2E37BD42299AF9300750FA8 /* projetoDouglas.xcdatamodel */ = {isa = PBXFileReference; lastKnownFileType = wrapper.xcdatamodel; path = projetoDouglas.xcdatamodel; sourceTree = "<group>"; };
		C2E37BD62299AF9800750FA8 /* Assets.xcassets */ = {isa = PBXFileReference; lastKnownFileType = folder.assetcatalog; path = Assets.xcassets; sourceTree = "<group>"; };
		C2E37BD92299AF9800750FA8 /* Base */ = {isa = PBXFileReference; lastKnownFileType = file.storyboard; name = Base; path = Base.lproj/LaunchScreen.storyboard; sourceTree = "<group>"; };
		C2E37BDB2299AF9800750FA8 /* Info.plist */ = {isa = PBXFileReference; lastKnownFileType = text.plist.xml; path = Info.plist; sourceTree = "<group>"; };
		C2E37BE12299BD1000750FA8 /* MapViewController.swift */ = {isa = PBXFileReference; lastKnownFileType = sourcecode.swift; path = MapViewController.swift; sourceTree = "<group>"; };
/* End PBXFileReference section */

/* Begin PBXFrameworksBuildPhase section */
		C2E37BC62299AF9300750FA8 /* Frameworks */ = {
			isa = PBXFrameworksBuildPhase;
			buildActionMask = 2147483647;
			files = (
			);
			runOnlyForDeploymentPostprocessing = 0;
		};
/* End PBXFrameworksBuildPhase section */

/* Begin PBXGroup section */
		C2E37BC02299AF9300750FA8 = {
			isa = PBXGroup;
			children = (
				C2E37BCB2299AF9300750FA8 /* projetoDouglas */,
				C2E37BCA2299AF9300750FA8 /* Products */,
			);
			sourceTree = "<group>";
		};
		C2E37BCA2299AF9300750FA8 /* Products */ = {
			isa = PBXGroup;
			children = (
				C2E37BC92299AF9300750FA8 /* projetoDouglas.app */,
			);
			name = Products;
			sourceTree = "<group>";
		};
		C2E37BCB2299AF9300750FA8 /* projetoDouglas */ = {
			isa = PBXGroup;
			children = (
				C2E37BCC2299AF9300750FA8 /* AppDelegate.swift */,
				C2E37BCE2299AF9300750FA8 /* ViewController.swift */,
				C2E37BD02299AF9300750FA8 /* Main.storyboard */,
				C2E37BD62299AF9800750FA8 /* Assets.xcassets */,
				C2E37BD82299AF9800750FA8 /* LaunchScreen.storyboard */,
				C2E37BDB2299AF9800750FA8 /* Info.plist */,
				C2E37BD32299AF9300750FA8 /* projetoDouglas.xcdatamodeld */,
				C2E37BE12299BD1000750FA8 /* MapViewController.swift */,
			);
			path = projetoDouglas;
			sourceTree = "<group>";
		};
/* End PBXGroup section */

/* Begin PBXNativeTarget section */
		C2E37BC82299AF9300750FA8 /* projetoDouglas */ = {
			isa = PBXNativeTarget;
			buildConfigurationList = C2E37BDE2299AF9800750FA8 /* Build configuration list for PBXNativeTarget "projetoDouglas" */;
			buildPhases = (
				C2E37BC52299AF9300750FA8 /* Sources */,
				C2E37BC62299AF9300750FA8 /* Frameworks */,
				C2E37BC72299AF9300750FA8 /* Resources */,
			);
			buildRules = (
			);
			dependencies = (
			);
			name = projetoDouglas;
			productName = projetoDouglas;
			productReference = C2E37BC92299AF9300750FA8 /* projetoDouglas.app */;
			productType = "com.apple.product-type.application";
		};
/* End PBXNativeTarget section */

/* Begin PBXProject section */
		C2E37BC12299AF9300750FA8 /* Project object */ = {
			isa = PBXProject;
			attributes = {
				LastSwiftUpdateCheck = 0940;
				LastUpgradeCheck = 0940;
				ORGANIZATIONNAME = "IOS SENAC";
				TargetAttributes = {
					C2E37BC82299AF9300750FA8 = {
						CreatedOnToolsVersion = 9.4.1;
					};
				};
			};
			buildConfigurationList = C2E37BC42299AF9300750FA8 /* Build configuration list for PBXProject "projetoDouglas" */;
			compatibilityVersion = "Xcode 9.3";
			developmentRegion = en;
			hasScannedForEncodings = 0;
			knownRegions = (
				en,
				Base,
			);
			mainGroup = C2E37BC02299AF9300750FA8;
			productRefGroup = C2E37BCA2299AF9300750FA8 /* Products */;
			projectDirPath = "";
			projectRoot = "";
			targets = (
				C2E37BC82299AF9300750FA8 /* projetoDouglas */,
			);
		};
/* End PBXProject section */

/* Begin PBXResourcesBuildPhase section */
		C2E37BC72299AF9300750FA8 /* Resources */ = {
			isa = PBXResourcesBuildPhase;
			buildActionMask = 2147483647;
			files = (
				C2E37BDA2299AF9800750FA8 /* LaunchScreen.storyboard in Resources */,
				C2E37BD72299AF9800750FA8 /* Assets.xcassets in Resources */,
				C2E37BD22299AF9300750FA8 /* Main.storyboard in Resources */,
			);
			runOnlyForDeploymentPostprocessing = 0;
		};
/* End PBXResourcesBuildPhase section */

/* Begin PBXSourcesBuildPhase section */
		C2E37BC52299AF9300750FA8 /* Sources */ = {
			isa = PBXSourcesBuildPhase;
			buildActionMask = 2147483647;
			files = (
				C2E37BCF2299AF9300750FA8 /* ViewController.swift in Sources */,
				C2E37BCD2299AF9300750FA8 /* AppDelegate.swift in Sources */,
				C2E37BD52299AF9300750FA8 /* projetoDouglas.xcdatamodeld in Sources */,
				C2E37BE22299BD1000750FA8 /* MapViewController.swift in Sources */,
			);
			runOnlyForDeploymentPostprocessing = 0;
		};
/* End PBXSourcesBuildPhase section */

/* Begin PBXVariantGroup section */
		C2E37BD02299AF9300750FA8 /* Main.storyboard */ = {
			isa = PBXVariantGroup;
			children = (
				C2E37BD12299AF9300750FA8 /* Base */,
			);
			name = Main.storyboard;
			sourceTree = "<group>";
		};
		C2E37BD82299AF9800750FA8 /* LaunchScreen.storyboard */ = {
			isa = PBXVariantGroup;
			children = (
				C2E37BD92299AF9800750FA8 /* Base */,
			);
			name = LaunchScreen.storyboard;
			sourceTree = "<group>";
		};
/* End PBXVariantGroup section */

/* Begin XCBuildConfiguration section */
		C2E37BDC2299AF9800750FA8 /* Debug */ = {
			isa = XCBuildConfiguration;
			buildSettings = {
				ALWAYS_SEARCH_USER_PATHS = NO;
				CLANG_ANALYZER_NONNULL = YES;
				CLANG_ANALYZER_NUMBER_OBJECT_CONVERSION = YES_AGGRESSIVE;
				CLANG_CXX_LANGUAGE_STANDARD = "gnu++14";
				CLANG_CXX_LIBRARY = "libc++";
				CLANG_ENABLE_MODULES = YES;
				CLANG_ENABLE_OBJC_ARC = YES;
				CLANG_ENABLE_OBJC_WEAK = YES;
				CLANG_WARN_BLOCK_CAPTURE_AUTORELEASING = YES;
				CLANG_WARN_BOOL_CONVERSION = YES;
				CLANG_WARN_COMMA = YES;
				CLANG_WARN_CONSTANT_CONVERSION = YES;
				CLANG_WARN_DEPRECATED_OBJC_IMPLEMENTATIONS = YES;
				CLANG_WARN_DIRECT_OBJC_ISA_USAGE = YES_ERROR;
				CLANG_WARN_DOCUMENTATION_COMMENTS = YES;
				CLANG_WARN_EMPTY_BODY = YES;
				CLANG_WARN_ENUM_CONVERSION = YES;
				CLANG_WARN_INFINITE_RECURSION = YES;
				CLANG_WARN_INT_CONVERSION = YES;
				CLANG_WARN_NON_LITERAL_NULL_CONVERSION = YES;
				CLANG_WARN_OBJC_IMPLICIT_RETAIN_SELF = YES;
				CLANG_WARN_OBJC_LITERAL_CONVERSION = YES;
				CLANG_WARN_OBJC_ROOT_CLASS = YES_ERROR;
				CLANG_WARN_RANGE_LOOP_ANALYSIS = YES;
				CLANG_WARN_STRICT_PROTOTYPES = YES;
				CLANG_WARN_SUSPICIOUS_MOVE = YES;
				CLANG_WARN_UNGUARDED_AVAILABILITY = YES_AGGRESSIVE;
				CLANG_WARN_UNREACHABLE_CODE = YES;
				CLANG_WARN__DUPLICATE_METHOD_MATCH = YES;
				CODE_SIGN_IDENTITY = "iPhone Developer";
				COPY_PHASE_STRIP = NO;
				DEBUG_INFORMATION_FORMAT = dwarf;
				ENABLE_STRICT_OBJC_MSGSEND = YES;
				ENABLE_TESTABILITY = YES;
				GCC_C_LANGUAGE_STANDARD = gnu11;
				GCC_DYNAMIC_NO_PIC = NO;
				GCC_NO_COMMON_BLOCKS = YES;
				GCC_OPTIMIZATION_LEVEL = 0;
				GCC_PREPROCESSOR_DEFINITIONS = (
					"DEBUG=1",
					"$(inherited)",
				);
				GCC_WARN_64_TO_32_BIT_CONVERSION = YES;
				GCC_WARN_ABOUT_RETURN_TYPE = YES_ERROR;
				GCC_WARN_UNDECLARED_SELECTOR = YES;
				GCC_WARN_UNINITIALIZED_AUTOS = YES_AGGRESSIVE;
				GCC_WARN_UNUSED_FUNCTION = YES;
				GCC_WARN_UNUSED_VARIABLE = YES;
				IPHONEOS_DEPLOYMENT_TARGET = 11.4;
				MTL_ENABLE_DEBUG_INFO = YES;
				ONLY_ACTIVE_ARCH = YES;
				SDKROOT = iphoneos;
				SWIFT_ACTIVE_COMPILATION_CONDITIONS = DEBUG;
				SWIFT_OPTIMIZATION_LEVEL = "-Onone";
			};
			name = Debug;
		};
		C2E37BDD2299AF9800750FA8 /* Release */ = {
			isa = XCBuildConfiguration;
			buildSettings = {
				ALWAYS_SEARCH_USER_PATHS = NO;
				CLANG_ANALYZER_NONNULL = YES;
				CLANG_ANALYZER_NUMBER_OBJECT_CONVERSION = YES_AGGRESSIVE;
				CLANG_CXX_LANGUAGE_STANDARD = "gnu++14";
				CLANG_CXX_LIBRARY = "libc++";
				CLANG_ENABLE_MODULES = YES;
				CLANG_ENABLE_OBJC_ARC = YES;
				CLANG_ENABLE_OBJC_WEAK = YES;
				CLANG_WARN_BLOCK_CAPTURE_AUTORELEASING = YES;
				CLANG_WARN_BOOL_CONVERSION = YES;
				CLANG_WARN_COMMA = YES;
				CLANG_WARN_CONSTANT_CONVERSION = YES;
				CLANG_WARN_DEPRECATED_OBJC_IMPLEMENTATIONS = YES;
				CLANG_WARN_DIRECT_OBJC_ISA_USAGE = YES_ERROR;
				CLANG_WARN_DOCUMENTATION_COMMENTS = YES;
				CLANG_WARN_EMPTY_BODY = YES;
				CLANG_WARN_ENUM_CONVERSION = YES;
				CLANG_WARN_INFINITE_RECURSION = YES;
				CLANG_WARN_INT_CONVERSION = YES;
				CLANG_WARN_NON_LITERAL_NULL_CONVERSION = YES;
				CLANG_WARN_OBJC_IMPLICIT_RETAIN_SELF = YES;
				CLANG_WARN_OBJC_LITERAL_CONVERSION = YES;
				CLANG_WARN_OBJC_ROOT_CLASS = YES_ERROR;
				CLANG_WARN_RANGE_LOOP_ANALYSIS = YES;
				CLANG_WARN_STRICT_PROTOTYPES = YES;
				CLANG_WARN_SUSPICIOUS_MOVE = YES;
				CLANG_WARN_UNGUARDED_AVAILABILITY = YES_AGGRESSIVE;
				CLANG_WARN_UNREACHABLE_CODE = YES;
				CLANG_WARN__DUPLICATE_METHOD_MATCH = YES;
				CODE_SIGN_IDENTITY = "iPhone Developer";
				COPY_PHASE_STRIP = NO;
				DEBUG_INFORMATION_FORMAT = "dwarf-with-dsym";
				ENABLE_NS_ASSERTIONS = NO;
				ENABLE_STRICT_OBJC_MSGSEND = YES;
				GCC_C_LANGUAGE_STANDARD = gnu11;
				GCC_NO_COMMON_BLOCKS = YES;
				GCC_WARN_64_TO_32_BIT_CONVERSION = YES;
				GCC_WARN_ABOUT_RETURN_TYPE = YES_ERROR;
				GCC_WARN_UNDECLARED_SELECTOR = YES;
				GCC_WARN_UNINITIALIZED_AUTOS = YES_AGGRESSIVE;
				GCC_WARN_UNUSED_FUNCTION = YES;
				GCC_WARN_UNUSED_VARIABLE = YES;
				IPHONEOS_DEPLOYMENT_TARGET = 11.4;
				MTL_ENABLE_DEBUG_INFO = NO;
				SDKROOT = iphoneos;
				SWIFT_COMPILATION_MODE = wholemodule;
				SWIFT_OPTIMIZATION_LEVEL = "-O";
				VALIDATE_PRODUCT = YES;
			};
			name = Release;
		};
		C2E37BDF2299AF9800750FA8 /* Debug */ = {
			isa = XCBuildConfiguration;
			buildSettings = {
				ASSETCATALOG_COMPILER_APPICON_NAME = AppIcon;
				CODE_SIGN_STYLE = Automatic;
				INFOPLIST_FILE = projetoDouglas/Info.plist;
				LD_RUNPATH_SEARCH_PATHS = (
					"$(inherited)",
					"@executable_path/Frameworks",
				);
				PRODUCT_BUNDLE_IDENTIFIER = br.com.senac.projetoDouglas;
				PRODUCT_NAME = "$(TARGET_NAME)";
				SWIFT_VERSION = 4.0;
				TARGETED_DEVICE_FAMILY = "1,2";
			};
			name = Debug;
		};
		C2E37BE02299AF9800750FA8 /* Release */ = {
			isa = XCBuildConfiguration;
			buildSettings = {
				ASSETCATALOG_COMPILER_APPICON_NAME = AppIcon;
				CODE_SIGN_STYLE = Automatic;
				INFOPLIST_FILE = projetoDouglas/Info.plist;
				LD_RUNPATH_SEARCH_PATHS = (
					"$(inherited)",
					"@executable_path/Frameworks",
				);
				PRODUCT_BUNDLE_IDENTIFIER = br.com.senac.projetoDouglas;
				PRODUCT_NAME = "$(TARGET_NAME)";
				SWIFT_VERSION = 4.0;
				TARGETED_DEVICE_FAMILY = "1,2";
			};
			name = Release;
		};
/* End XCBuildConfiguration section */

/* Begin XCConfigurationList section */
		C2E37BC42299AF9300750FA8 /* Build configuration list for PBXProject "projetoDouglas" */ = {
			isa = XCConfigurationList;
			buildConfigurations = (
				C2E37BDC2299AF9800750FA8 /* Debug */,
				C2E37BDD2299AF9800750FA8 /* Release */,
			);
			defaultConfigurationIsVisible = 0;
			defaultConfigurationName = Release;
		};
		C2E37BDE2299AF9800750FA8 /* Build configuration list for PBXNativeTarget "projetoDouglas" */ = {
			isa = XCConfigurationList;
			buildConfigurations = (
				C2E37BDF2299AF9800750FA8 /* Debug */,
				C2E37BE02299AF9800750FA8 /* Release */,
			);
			defaultConfigurationIsVisible = 0;
			defaultConfigurationName = Release;
		};
/* End XCConfigurationList section */

/* Begin XCVersionGroup section */
		C2E37BD32299AF9300750FA8 /* projetoDouglas.xcdatamodeld */ = {
			isa = XCVersionGroup;
			children = (
				C2E37BD42299AF9300750FA8 /* projetoDouglas.xcdatamodel */,
			);
			currentVersion = C2E37BD42299AF9300750FA8 /* projetoDouglas.xcdatamodel */;
			path = projetoDouglas.xcdatamodeld;
			sourceTree = "<group>";
			versionGroupType = wrapper.xcdatamodel;
		};
/* End XCVersionGroup section */
	};
	rootObject = C2E37BC12299AF9300750FA8 /* Project object */;
}
